
Microsoft Visual Studio Solution File, Format Version 12.00
# Visual Studio Version 17
VisualStudioVersion = 17.9.34902.65
MinimumVisualStudioVersion = 10.0.40219.1
Project("{9A19103F-16F7-4668-BE54-9A1E7A4F7556}") = "FTT", "FTT\FTT.csproj", "{5AD77403-2A09-42A8-821C-CC83F2E1D6DC}"
EndProject
Project("{9A19103F-16F7-4668-BE54-9A1E7A4F7556}") = "FTT.DbEntity", "FTT.DbEntity\FTT.DbEntity.csproj", "{89AB7FE1-B956-46BF-9F65-04EDDB6B8D88}"
EndProject
Project("{9A19103F-16F7-4668-BE54-9A1E7A4F7556}") = "FTT.DbDesign", "FTT.DbDesign\FTT.DbDesign.csproj", "{E065F175-B8EF-495D-A7CE-C3953A578B0A}"
EndProject
Project("{9A19103F-16F7-4668-BE54-9A1E7A4F7556}") = "FTT.DataAccesss", "FTT.DataAccesss\FTT.DataAccesss.csproj", "{7CF186B3-9DD4-44DC-B3E9-823B2C9A8EF1}"
EndProject
Global
	GlobalSection(SolutionConfigurationPlatforms) = preSolution
		Debug|Any CPU = Debug|Any CPU
		Debug|x64 = Debug|x64
		Release|Any CPU = Release|Any CPU
		Release|x64 = Release|x64
	EndGlobalSection
	GlobalSection(ProjectConfigurationPlatforms) = postSolution
		{5AD77403-2A09-42A8-821C-CC83F2E1D6DC}.Debug|Any CPU.ActiveCfg = Debug|Any CPU
		{5AD77403-2A09-42A8-821C-CC83F2E1D6DC}.Debug|Any CPU.Build.0 = Debug|Any CPU
		{5AD77403-2A09-42A8-821C-CC83F2E1D6DC}.Debug|x64.ActiveCfg = Debug|x64
		{5AD77403-2A09-42A8-821C-CC83F2E1D6DC}.Debug|x64.Build.0 = Debug|x64
		{5AD77403-2A09-42A8-821C-CC83F2E1D6DC}.Release|Any CPU.ActiveCfg = Release|Any CPU
		{5AD77403-2A09-42A8-821C-CC83F2E1D6DC}.Release|Any CPU.Build.0 = Release|Any CPU
		{5AD77403-2A09-42A8-821C-CC83F2E1D6DC}.Release|x64.ActiveCfg = Release|x64
		{5AD77403-2A09-42A8-821C-CC83F2E1D6DC}.Release|x64.Build.0 = Release|x64
		{89AB7FE1-B956-46BF-9F65-04EDDB6B8D88}.Debug|Any CPU.ActiveCfg = Debug|Any CPU
		{89AB7FE1-B956-46BF-9F65-04EDDB6B8D88}.Debug|Any CPU.Build.0 = Debug|Any CPU
		{89AB7FE1-B956-46BF-9F65-04EDDB6B8D88}.Debug|x64.ActiveCfg = Debug|x64
		{89AB7FE1-B956-46BF-9F65-04EDDB6B8D88}.Debug|x64.Build.0 = Debug|x64
		{89AB7FE1-B956-46BF-9F65-04EDDB6B8D88}.Release|Any CPU.ActiveCfg = Release|Any CPU
		{89AB7FE1-B956-46BF-9F65-04EDDB6B8D88}.Release|Any CPU.Build.0 = Release|Any CPU
		{89AB7FE1-B956-46BF-9F65-04EDDB6B8D88}.Release|x64.ActiveCfg = Release|x64
		{89AB7FE1-B956-46BF-9F65-04EDDB6B8D88}.Release|x64.Build.0 = Release|x64
		{E065F175-B8EF-495D-A7CE-C3953A578B0A}.Debug|Any CPU.ActiveCfg = Debug|Any CPU
		{E065F175-B8EF-495D-A7CE-C3953A578B0A}.Debug|Any CPU.Build.0 = Debug|Any CPU
		{E065F175-B8EF-495D-A7CE-C3953A578B0A}.Debug|x64.ActiveCfg = Debug|x64
		{E065F175-B8EF-495D-A7CE-C3953A578B0A}.Debug|x64.Build.0 = Debug|x64
		{E065F175-B8EF-495D-A7CE-C3953A578B0A}.Release|Any CPU.ActiveCfg = Release|Any CPU
		{E065F175-B8EF-495D-A7CE-C3953A578B0A}.Release|Any CPU.Build.0 = Release|Any CPU
		{E065F175-B8EF-495D-A7CE-C3953A578B0A}.Release|x64.ActiveCfg = Release|x64
		{E065F175-B8EF-495D-A7CE-C3953A578B0A}.Release|x64.Build.0 = Release|x64
		{7CF186B3-9DD4-44DC-B3E9-823B2C9A8EF1}.Debug|Any CPU.ActiveCfg = Debug|Any CPU
		{7CF186B3-9DD4-44DC-B3E9-823B2C9A8EF1}.Debug|Any CPU.Build.0 = Debug|Any CPU
		{7CF186B3-9DD4-44DC-B3E9-823B2C9A8EF1}.Debug|x64.ActiveCfg = Debug|x64
		{7CF186B3-9DD4-44DC-B3E9-823B2C9A8EF1}.Debug|x64.Build.0 = Debug|x64
		{7CF186B3-9DD4-44DC-B3E9-823B2C9A8EF1}.Release|Any CPU.ActiveCfg = Release|Any CPU
		{7CF186B3-9DD4-44DC-B3E9-823B2C9A8EF1}.Release|Any CPU.Build.0 = Release|Any CPU
		{7CF186B3-9DD4-44DC-B3E9-823B2C9A8EF1}.Release|x64.ActiveCfg = Release|x64
		{7CF186B3-9DD4-44DC-B3E9-823B2C9A8EF1}.Release|x64.Build.0 = Release|x64
	EndGlobalSection
	GlobalSection(SolutionProperties) = preSolution
		HideSolutionNode = FALSE
	EndGlobalSection
	GlobalSection(ExtensibilityGlobals) = postSolution
		SolutionGuid = {113BBC8B-3641-41DE-962C-BC061B8763B1}
	EndGlobalSection
EndGlobal
